// !$*UTF8*$!
{
	archiveVersion = 1;
	classes = {
	};
	objectVersion = 50;
	objects = {

/* Begin PBXBuildFile section */
		84BCA6A426C3AF8D00AB4C66 /* CalculatorApp.swift in Sources */ = {isa = PBXBuildFile; fileRef = 84BCA6A326C3AF8D00AB4C66 /* CalculatorApp.swift */; };
		84BCA6A626C3AF8D00AB4C66 /* ContentView.swift in Sources */ = {isa = PBXBuildFile; fileRef = 84BCA6A526C3AF8D00AB4C66 /* ContentView.swift */; };
		84BCA6A826C3AF9000AB4C66 /* Assets.xcassets in Resources */ = {isa = PBXBuildFile; fileRef = 84BCA6A726C3AF9000AB4C66 /* Assets.xcassets */; };
		84BCA6AB26C3AF9000AB4C66 /* Preview Assets.xcassets in Resources */ = {isa = PBXBuildFile; fileRef = 84BCA6AA26C3AF9000AB4C66 /* Preview Assets.xcassets */; };
		84BCA6B726C3B48600AB4C66 /* Constant.swift in Sources */ = {isa = PBXBuildFile; fileRef = 84BCA6B626C3B48600AB4C66 /* Constant.swift */; };
		84BCA6B926C3CC2600AB4C66 /* TopHalfView.swift in Sources */ = {isa = PBXBuildFile; fileRef = 84BCA6B826C3CC2600AB4C66 /* TopHalfView.swift */; };
		84BCA6BB26C3CC3600AB4C66 /* BottomHalfView.swift in Sources */ = {isa = PBXBuildFile; fileRef = 84BCA6BA26C3CC3600AB4C66 /* BottomHalfView.swift */; };
		84BCA6BE26C3CD1C00AB4C66 /* CalculatorViewModel.swift in Sources */ = {isa = PBXBuildFile; fileRef = 84BCA6BD26C3CD1C00AB4C66 /* CalculatorViewModel.swift */; };
		84EDDCA726C4CD4800F40D44 /* CommonFunction.swift in Sources */ = {isa = PBXBuildFile; fileRef = 84EDDCA626C4CD4800F40D44 /* CommonFunction.swift */; };
		84FD313526C6683D004C6A5C /* OperatorModel.swift in Sources */ = {isa = PBXBuildFile; fileRef = 84FD313426C6683D004C6A5C /* OperatorModel.swift */; };
/* End PBXBuildFile section */

/* Begin PBXFileReference section */
		84BCA6A026C3AF8D00AB4C66 /* Calculator.app */ = {isa = PBXFileReference; explicitFileType = wrapper.application; includeInIndex = 0; path = Calculator.app; sourceTree = BUILT_PRODUCTS_DIR; };
		84BCA6A326C3AF8D00AB4C66 /* CalculatorApp.swift */ = {isa = PBXFileReference; lastKnownFileType = sourcecode.swift; path = CalculatorApp.swift; sourceTree = "<group>"; };
		84BCA6A526C3AF8D00AB4C66 /* ContentView.swift */ = {isa = PBXFileReference; lastKnownFileType = sourcecode.swift; path = ContentView.swift; sourceTree = "<group>"; };
		84BCA6A726C3AF9000AB4C66 /* Assets.xcassets */ = {isa = PBXFileReference; lastKnownFileType = folder.assetcatalog; path = Assets.xcassets; sourceTree = "<group>"; };
		84BCA6AA26C3AF9000AB4C66 /* Preview Assets.xcassets */ = {isa = PBXFileReference; lastKnownFileType = folder.assetcatalog; path = "Preview Assets.xcassets"; sourceTree = "<group>"; };
		84BCA6AC26C3AF9000AB4C66 /* Info.plist */ = {isa = PBXFileReference; lastKnownFileType = text.plist.xml; path = Info.plist; sourceTree = "<group>"; };
		84BCA6B626C3B48600AB4C66 /* Constant.swift */ = {isa = PBXFileReference; lastKnownFileType = sourcecode.swift; path = Constant.swift; sourceTree = "<group>"; };
		84BCA6B826C3CC2600AB4C66 /* TopHalfView.swift */ = {isa = PBXFileReference; lastKnownFileType = sourcecode.swift; path = TopHalfView.swift; sourceTree = "<group>"; };
		84BCA6BA26C3CC3600AB4C66 /* BottomHalfView.swift */ = {isa = PBXFileReference; lastKnownFileType = sourcecode.swift; path = BottomHalfView.swift; sourceTree = "<group>"; };
		84BCA6BD26C3CD1C00AB4C66 /* CalculatorViewModel.swift */ = {isa = PBXFileReference; lastKnownFileType = sourcecode.swift; path = CalculatorViewModel.swift; sourceTree = "<group>"; };
		84EDDCA626C4CD4800F40D44 /* CommonFunction.swift */ = {isa = PBXFileReference; lastKnownFileType = sourcecode.swift; path = CommonFunction.swift; sourceTree = "<group>"; };
		84FD313426C6683D004C6A5C /* OperatorModel.swift */ = {isa = PBXFileReference; lastKnownFileType = sourcecode.swift; path = OperatorModel.swift; sourceTree = "<group>"; };
/* End PBXFileReference section */

/* Begin PBXFrameworksBuildPhase section */
		84BCA69D26C3AF8D00AB4C66 /* Frameworks */ = {
			isa = PBXFrameworksBuildPhase;
			buildActionMask = 2147483647;
			files = (
			);
			runOnlyForDeploymentPostprocessing = 0;
		};
/* End PBXFrameworksBuildPhase section */

/* Begin PBXGroup section */
		84BCA69726C3AF8D00AB4C66 = {
			isa = PBXGroup;
			children = (
				84BCA6A226C3AF8D00AB4C66 /* Calculator */,
				84BCA6A126C3AF8D00AB4C66 /* Products */,
			);
			sourceTree = "<group>";
		};
		84BCA6A126C3AF8D00AB4C66 /* Products */ = {
			isa = PBXGroup;
			children = (
				84BCA6A026C3AF8D00AB4C66 /* Calculator.app */,
			);
			name = Products;
			sourceTree = "<group>";
		};
		84BCA6A226C3AF8D00AB4C66 /* Calculator */ = {
			isa = PBXGroup;
			children = (
				84FD313326C66802004C6A5C /* Model */,
				84BCA6B526C3B47300AB4C66 /* Utility */,
				84BCA6B226C3B42800AB4C66 /* App */,
				84BCA6BC26C3CCF600AB4C66 /* ViewModel */,
				84BCA6B426C3B44A00AB4C66 /* View */,
				84BCA6A726C3AF9000AB4C66 /* Assets.xcassets */,
				84BCA6AC26C3AF9000AB4C66 /* Info.plist */,
				84BCA6A926C3AF9000AB4C66 /* Preview Content */,
			);
			path = Calculator;
			sourceTree = "<group>";
		};
		84BCA6A926C3AF9000AB4C66 /* Preview Content */ = {
			isa = PBXGroup;
			children = (
				84BCA6AA26C3AF9000AB4C66 /* Preview Assets.xcassets */,
			);
			path = "Preview Content";
			sourceTree = "<group>";
		};
		84BCA6B226C3B42800AB4C66 /* App */ = {
			isa = PBXGroup;
			children = (
				84BCA6A326C3AF8D00AB4C66 /* CalculatorApp.swift */,
			);
			path = App;
			sourceTree = "<group>";
		};
		84BCA6B426C3B44A00AB4C66 /* View */ = {
			isa = PBXGroup;
			children = (
				84BCA6A526C3AF8D00AB4C66 /* ContentView.swift */,
				84BCA6B826C3CC2600AB4C66 /* TopHalfView.swift */,
				84BCA6BA26C3CC3600AB4C66 /* BottomHalfView.swift */,
			);
			path = View;
			sourceTree = "<group>";
		};
		84BCA6B526C3B47300AB4C66 /* Utility */ = {
			isa = PBXGroup;
			children = (
				84BCA6B626C3B48600AB4C66 /* Constant.swift */,
				84EDDCA626C4CD4800F40D44 /* CommonFunction.swift */,
			);
			path = Utility;
			sourceTree = "<group>";
		};
		84BCA6BC26C3CCF600AB4C66 /* ViewModel */ = {
			isa = PBXGroup;
			children = (
				84BCA6BD26C3CD1C00AB4C66 /* CalculatorViewModel.swift */,
			);
			name = ViewModel;
			sourceTree = "<group>";
		};
		84FD313326C66802004C6A5C /* Model */ = {
			isa = PBXGroup;
			children = (
				84FD313426C6683D004C6A5C /* OperatorModel.swift */,
			);
			path = Model;
			sourceTree = "<group>";
		};
/* End PBXGroup section */

/* Begin PBXNativeTarget section */
		84BCA69F26C3AF8D00AB4C66 /* Calculator */ = {
			isa = PBXNativeTarget;
			buildConfigurationList = 84BCA6AF26C3AF9000AB4C66 /* Build configuration list for PBXNativeTarget "Calculator" */;
			buildPhases = (
				84BCA69C26C3AF8D00AB4C66 /* Sources */,
				84BCA69D26C3AF8D00AB4C66 /* Frameworks */,
				84BCA69E26C3AF8D00AB4C66 /* Resources */,
			);
			buildRules = (
			);
			dependencies = (
			);
			name = Calculator;
			productName = Calculator;
			productReference = 84BCA6A026C3AF8D00AB4C66 /* Calculator.app */;
			productType = "com.apple.product-type.application";
		};
/* End PBXNativeTarget section */

/* Begin PBXProject section */
		84BCA69826C3AF8D00AB4C66 /* Project object */ = {
			isa = PBXProject;
			attributes = {
				LastSwiftUpdateCheck = 1250;
				LastUpgradeCheck = 1250;
				TargetAttributes = {
					84BCA69F26C3AF8D00AB4C66 = {
						CreatedOnToolsVersion = 12.5.1;
					};
				};
			};
			buildConfigurationList = 84BCA69B26C3AF8D00AB4C66 /* Build configuration list for PBXProject "Calculator" */;
			compatibilityVersion = "Xcode 9.3";
			developmentRegion = en;
			hasScannedForEncodings = 0;
			knownRegions = (
				en,
				Base,
			);
			mainGroup = 84BCA69726C3AF8D00AB4C66;
			productRefGroup = 84BCA6A126C3AF8D00AB4C66 /* Products */;
			projectDirPath = "";
			projectRoot = "";
			targets = (
				84BCA69F26C3AF8D00AB4C66 /* Calculator */,
			);
		};
/* End PBXProject section */

/* Begin PBXResourcesBuildPhase section */
		84BCA69E26C3AF8D00AB4C66 /* Resources */ = {
			isa = PBXResourcesBuildPhase;
			buildActionMask = 2147483647;
			files = (
				84BCA6AB26C3AF9000AB4C66 /* Preview Assets.xcassets in Resources */,
				84BCA6A826C3AF9000AB4C66 /* Assets.xcassets in Resources */,
			);
			runOnlyForDeploymentPostprocessing = 0;
		};
/* End PBXResourcesBuildPhase section */

/* Begin PBXSourcesBuildPhase section */
		84BCA69C26C3AF8D00AB4C66 /* Sources */ = {
			isa = PBXSourcesBuildPhase;
			buildActionMask = 2147483647;
			files = (
				84BCA6A626C3AF8D00AB4C66 /* ContentView.swift in Sources */,
				84EDDCA726C4CD4800F40D44 /* CommonFunction.swift in Sources */,
				84BCA6BB26C3CC3600AB4C66 /* BottomHalfView.swift in Sources */,
				84FD313526C6683D004C6A5C /* OperatorModel.swift in Sources */,
				84BCA6B926C3CC2600AB4C66 /* TopHalfView.swift in Sources */,
				84BCA6A426C3AF8D00AB4C66 /* CalculatorApp.swift in Sources */,
				84BCA6BE26C3CD1C00AB4C66 /* CalculatorViewModel.swift in Sources */,
				84BCA6B726C3B48600AB4C66 /* Constant.swift in Sources */,
			);
			runOnlyForDeploymentPostprocessing = 0;
		};
/* End PBXSourcesBuildPhase section */

/* Begin XCBuildConfiguration section */
		84BCA6AD26C3AF9000AB4C66 /* Debug */ = {
			isa = XCBuildConfiguration;
			buildSettings = {
				ALWAYS_SEARCH_USER_PATHS = NO;
				CLANG_ANALYZER_NONNULL = YES;
				CLANG_ANALYZER_NUMBER_OBJECT_CONVERSION = YES_AGGRESSIVE;
				CLANG_CXX_LANGUAGE_STANDARD = "gnu++14";
				CLANG_CXX_LIBRARY = "libc++";
				CLANG_ENABLE_MODULES = YES;
				CLANG_ENABLE_OBJC_ARC = YES;
				CLANG_ENABLE_OBJC_WEAK = YES;
				CLANG_WARN_BLOCK_CAPTURE_AUTORELEASING = YES;
				CLANG_WARN_BOOL_CONVERSION = YES;
				CLANG_WARN_COMMA = YES;
				CLANG_WARN_CONSTANT_CONVERSION = YES;
				CLANG_WARN_DEPRECATED_OBJC_IMPLEMENTATIONS = YES;
				CLANG_WARN_DIRECT_OBJC_ISA_USAGE = YES_ERROR;
				CLANG_WARN_DOCUMENTATION_COMMENTS = YES;
				CLANG_WARN_EMPTY_BODY = YES;
				CLANG_WARN_ENUM_CONVERSION = YES;
				CLANG_WARN_INFINITE_RECURSION = YES;
				CLANG_WARN_INT_CONVERSION = YES;
				CLANG_WARN_NON_LITERAL_NULL_CONVERSION = YES;
				CLANG_WARN_OBJC_IMPLICIT_RETAIN_SELF = YES;
				CLANG_WARN_OBJC_LITERAL_CONVERSION = YES;
				CLANG_WARN_OBJC_ROOT_CLASS = YES_ERROR;
				CLANG_WARN_QUOTED_INCLUDE_IN_FRAMEWORK_HEADER = YES;
				CLANG_WARN_RANGE_LOOP_ANALYSIS = YES;
				CLANG_WARN_STRICT_PROTOTYPES = YES;
				CLANG_WARN_SUSPICIOUS_MOVE = YES;
				CLANG_WARN_UNGUARDED_AVAILABILITY = YES_AGGRESSIVE;
				CLANG_WARN_UNREACHABLE_CODE = YES;
				CLANG_WARN__DUPLICATE_METHOD_MATCH = YES;
				COPY_PHASE_STRIP = NO;
				DEBUG_INFORMATION_FORMAT = dwarf;
				ENABLE_STRICT_OBJC_MSGSEND = YES;
				ENABLE_TESTABILITY = YES;
				GCC_C_LANGUAGE_STANDARD = gnu11;
				GCC_DYNAMIC_NO_PIC = NO;
				GCC_NO_COMMON_BLOCKS = YES;
				GCC_OPTIMIZATION_LEVEL = 0;
				GCC_PREPROCESSOR_DEFINITIONS = (
					"DEBUG=1",
					"$(inherited)",
				);
				GCC_WARN_64_TO_32_BIT_CONVERSION = YES;
				GCC_WARN_ABOUT_RETURN_TYPE = YES_ERROR;
				GCC_WARN_UNDECLARED_SELECTOR = YES;
				GCC_WARN_UNINITIALIZED_AUTOS = YES_AGGRESSIVE;
				GCC_WARN_UNUSED_FUNCTION = YES;
				GCC_WARN_UNUSED_VARIABLE = YES;
				IPHONEOS_DEPLOYMENT_TARGET = 14.5;
				MTL_ENABLE_DEBUG_INFO = INCLUDE_SOURCE;
				MTL_FAST_MATH = YES;
				ONLY_ACTIVE_ARCH = YES;
				SDKROOT = iphoneos;
				SWIFT_ACTIVE_COMPILATION_CONDITIONS = DEBUG;
				SWIFT_OPTIMIZATION_LEVEL = "-Onone";
			};
			name = Debug;
		};
		84BCA6AE26C3AF9000AB4C66 /* Release */ = {
			isa = XCBuildConfiguration;
			buildSettings = {
				ALWAYS_SEARCH_USER_PATHS = NO;
				CLANG_ANALYZER_NONNULL = YES;
				CLANG_ANALYZER_NUMBER_OBJECT_CONVERSION = YES_AGGRESSIVE;
				CLANG_CXX_LANGUAGE_STANDARD = "gnu++14";
				CLANG_CXX_LIBRARY = "libc++";
				CLANG_ENABLE_MODULES = YES;
				CLANG_ENABLE_OBJC_ARC = YES;
				CLANG_ENABLE_OBJC_WEAK = YES;
				CLANG_WARN_BLOCK_CAPTURE_AUTORELEASING = YES;
				CLANG_WARN_BOOL_CONVERSION = YES;
				CLANG_WARN_COMMA = YES;
				CLANG_WARN_CONSTANT_CONVERSION = YES;
				CLANG_WARN_DEPRECATED_OBJC_IMPLEMENTATIONS = YES;
				CLANG_WARN_DIRECT_OBJC_ISA_USAGE = YES_ERROR;
				CLANG_WARN_DOCUMENTATION_COMMENTS = YES;
				CLANG_WARN_EMPTY_BODY = YES;
				CLANG_WARN_ENUM_CONVERSION = YES;
				CLANG_WARN_INFINITE_RECURSION = YES;
				CLANG_WARN_INT_CONVERSION = YES;
				CLANG_WARN_NON_LITERAL_NULL_CONVERSION = YES;
				CLANG_WARN_OBJC_IMPLICIT_RETAIN_SELF = YES;
				CLANG_WARN_OBJC_LITERAL_CONVERSION = YES;
				CLANG_WARN_OBJC_ROOT_CLASS = YES_ERROR;
				CLANG_WARN_QUOTED_INCLUDE_IN_FRAMEWORK_HEADER = YES;
				CLANG_WARN_RANGE_LOOP_ANALYSIS = YES;
				CLANG_WARN_STRICT_PROTOTYPES = YES;
				CLANG_WARN_SUSPICIOUS_MOVE = YES;
				CLANG_WARN_UNGUARDED_AVAILABILITY = YES_AGGRESSIVE;
				CLANG_WARN_UNREACHABLE_CODE = YES;
				CLANG_WARN__DUPLICATE_METHOD_MATCH = YES;
				COPY_PHASE_STRIP = NO;
				DEBUG_INFORMATION_FORMAT = "dwarf-with-dsym";
				ENABLE_NS_ASSERTIONS = NO;
				ENABLE_STRICT_OBJC_MSGSEND = YES;
				GCC_C_LANGUAGE_STANDARD = gnu11;
				GCC_NO_COMMON_BLOCKS = YES;
				GCC_WARN_64_TO_32_BIT_CONVERSION = YES;
				GCC_WARN_ABOUT_RETURN_TYPE = YES_ERROR;
				GCC_WARN_UNDECLARED_SELECTOR = YES;
				GCC_WARN_UNINITIALIZED_AUTOS = YES_AGGRESSIVE;
				GCC_WARN_UNUSED_FUNCTION = YES;
				GCC_WARN_UNUSED_VARIABLE = YES;
				IPHONEOS_DEPLOYMENT_TARGET = 14.5;
				MTL_ENABLE_DEBUG_INFO = NO;
				MTL_FAST_MATH = YES;
				SDKROOT = iphoneos;
				SWIFT_COMPILATION_MODE = wholemodule;
				SWIFT_OPTIMIZATION_LEVEL = "-O";
				VALIDATE_PRODUCT = YES;
			};
			name = Release;
		};
		84BCA6B026C3AF9000AB4C66 /* Debug */ = {
			isa = XCBuildConfiguration;
			buildSettings = {
				ASSETCATALOG_COMPILER_APPICON_NAME = AppIcon;
				ASSETCATALOG_COMPILER_GLOBAL_ACCENT_COLOR_NAME = AccentColor;
				CODE_SIGN_STYLE = Automatic;
				DEVELOPMENT_ASSET_PATHS = "\"Calculator/Preview Content\"";
				DEVELOPMENT_TEAM = WRG8F93N79;
				ENABLE_PREVIEWS = YES;
				INFOPLIST_FILE = Calculator/Info.plist;
				IPHONEOS_DEPLOYMENT_TARGET = 14.0;
				LD_RUNPATH_SEARCH_PATHS = (
					"$(inherited)",
					"@executable_path/Frameworks",
				);
				PRODUCT_BUNDLE_IDENTIFIER = com.miho.Calculator;
				PRODUCT_NAME = "$(TARGET_NAME)";
				SWIFT_VERSION = 5.0;
				TARGETED_DEVICE_FAMILY = "1,2";
			};
			name = Debug;
		};
		84BCA6B126C3AF9000AB4C66 /* Release */ = {
			isa = XCBuildConfiguration;
			buildSettings = {
				ASSETCATALOG_COMPILER_APPICON_NAME = AppIcon;
				ASSETCATALOG_COMPILER_GLOBAL_ACCENT_COLOR_NAME = AccentColor;
				CODE_SIGN_STYLE = Automatic;
				DEVELOPMENT_ASSET_PATHS = "\"Calculator/Preview Content\"";
				DEVELOPMENT_TEAM = WRG8F93N79;
				ENABLE_PREVIEWS = YES;
				INFOPLIST_FILE = Calculator/Info.plist;
				IPHONEOS_DEPLOYMENT_TARGET = 14.0;
				LD_RUNPATH_SEARCH_PATHS = (
					"$(inherited)",
					"@executable_path/Frameworks",
				);
				PRODUCT_BUNDLE_IDENTIFIER = com.miho.Calculator;
				PRODUCT_NAME = "$(TARGET_NAME)";
				SWIFT_VERSION = 5.0;
				TARGETED_DEVICE_FAMILY = "1,2";
			};
			name = Release;
		};
/* End XCBuildConfiguration section */

/* Begin XCConfigurationList section */
		84BCA69B26C3AF8D00AB4C66 /* Build configuration list for PBXProject "Calculator" */ = {
			isa = XCConfigurationList;
			buildConfigurations = (
				84BCA6AD26C3AF9000AB4C66 /* Debug */,
				84BCA6AE26C3AF9000AB4C66 /* Release */,
			);
			defaultConfigurationIsVisible = 0;
			defaultConfigurationName = Release;
		};
		84BCA6AF26C3AF9000AB4C66 /* Build configuration list for PBXNativeTarget "Calculator" */ = {
			isa = XCConfigurationList;
			buildConfigurations = (
				84BCA6B026C3AF9000AB4C66 /* Debug */,
				84BCA6B126C3AF9000AB4C66 /* Release */,
			);
			defaultConfigurationIsVisible = 0;
			defaultConfigurationName = Release;
		};
/* End XCConfigurationList section */
	};
	rootObject = 84BCA69826C3AF8D00AB4C66 /* Project object */;
}
